
Microsoft Visual Studio Solution File, Format Version 12.00
# Visual Studio 15
VisualStudioVersion = 15.0.27004.2009
MinimumVisualStudioVersion = 10.0.40219.1
Project("{FAE04EC0-301F-11D3-BF4B-00C04F79EFBC}") = "Cv03", "Cv03\Cv03.csproj", "{D57A9369-4F04-465D-B095-4E67BA55C3F3}"
EndProject
Project("{FAE04EC0-301F-11D3-BF4B-00C04F79EFBC}") = "Delegat", "Delegat\Delegat.csproj", "{1A5B5AA0-7430-4E2B-A12D-B6BB09D5D5AD}"
EndProject
Project("{FAE04EC0-301F-11D3-BF4B-00C04F79EFBC}") = "BaseLib", "BaseLib\BaseLib.csproj", "{056966B9-EEEA-4C94-A9C8-E8CF61D1CDC7}"
EndProject
Global
	GlobalSection(SolutionConfigurationPlatforms) = preSolution
		Debug|Any CPU = Debug|Any CPU
		Release|Any CPU = Release|Any CPU
	EndGlobalSection
	GlobalSection(ProjectConfigurationPlatforms) = postSolution
		{D57A9369-4F04-465D-B095-4E67BA55C3F3}.Debug|Any CPU.ActiveCfg = Debug|Any CPU
		{D57A9369-4F04-465D-B095-4E67BA55C3F3}.Debug|Any CPU.Build.0 = Debug|Any CPU
		{D57A9369-4F04-465D-B095-4E67BA55C3F3}.Release|Any CPU.ActiveCfg = Release|Any CPU
		{D57A9369-4F04-465D-B095-4E67BA55C3F3}.Release|Any CPU.Build.0 = Release|Any CPU
		{1A5B5AA0-7430-4E2B-A12D-B6BB09D5D5AD}.Debug|Any CPU.ActiveCfg = Debug|Any CPU
		{1A5B5AA0-7430-4E2B-A12D-B6BB09D5D5AD}.Debug|Any CPU.Build.0 = Debug|Any CPU
		{1A5B5AA0-7430-4E2B-A12D-B6BB09D5D5AD}.Release|Any CPU.ActiveCfg = Release|Any CPU
		{1A5B5AA0-7430-4E2B-A12D-B6BB09D5D5AD}.Release|Any CPU.Build.0 = Release|Any CPU
		{056966B9-EEEA-4C94-A9C8-E8CF61D1CDC7}.Debug|Any CPU.ActiveCfg = Debug|Any CPU
		{056966B9-EEEA-4C94-A9C8-E8CF61D1CDC7}.Debug|Any CPU.Build.0 = Debug|Any CPU
		{056966B9-EEEA-4C94-A9C8-E8CF61D1CDC7}.Release|Any CPU.ActiveCfg = Release|Any CPU
		{056966B9-EEEA-4C94-A9C8-E8CF61D1CDC7}.Release|Any CPU.Build.0 = Release|Any CPU
	EndGlobalSection
	GlobalSection(SolutionProperties) = preSolution
		HideSolutionNode = FALSE
	EndGlobalSection
	GlobalSection(ExtensibilityGlobals) = postSolution
		SolutionGuid = {116986A3-6A59-4822-A3F8-1B1FC67F9B9C}
	EndGlobalSection
EndGlobal
