
Microsoft Visual Studio Solution File, Format Version 12.00
# Visual Studio 15
VisualStudioVersion = 15.0.27004.2009
MinimumVisualStudioVersion = 10.0.40219.1
Project("{9A19103F-16F7-4668-BE54-9A1E7A4F7556}") = "Cv07", "Cv07\Cv07.csproj", "{70885913-B22C-4023-8AD4-AAD33410385C}"
EndProject
Project("{FAE04EC0-301F-11D3-BF4B-00C04F79EFBC}") = "Cv07.Tests", "Cv07.Tests\Cv07.Tests.csproj", "{7BCFCEE1-2013-4A6C-9C1D-8C79C7D73AC3}"
EndProject
Global
	GlobalSection(SolutionConfigurationPlatforms) = preSolution
		Debug|Any CPU = Debug|Any CPU
		Release|Any CPU = Release|Any CPU
	EndGlobalSection
	GlobalSection(ProjectConfigurationPlatforms) = postSolution
		{70885913-B22C-4023-8AD4-AAD33410385C}.Debug|Any CPU.ActiveCfg = Debug|Any CPU
		{70885913-B22C-4023-8AD4-AAD33410385C}.Debug|Any CPU.Build.0 = Debug|Any CPU
		{70885913-B22C-4023-8AD4-AAD33410385C}.Release|Any CPU.ActiveCfg = Release|Any CPU
		{70885913-B22C-4023-8AD4-AAD33410385C}.Release|Any CPU.Build.0 = Release|Any CPU
		{7BCFCEE1-2013-4A6C-9C1D-8C79C7D73AC3}.Debug|Any CPU.ActiveCfg = Debug|Any CPU
		{7BCFCEE1-2013-4A6C-9C1D-8C79C7D73AC3}.Debug|Any CPU.Build.0 = Debug|Any CPU
		{7BCFCEE1-2013-4A6C-9C1D-8C79C7D73AC3}.Release|Any CPU.ActiveCfg = Release|Any CPU
		{7BCFCEE1-2013-4A6C-9C1D-8C79C7D73AC3}.Release|Any CPU.Build.0 = Release|Any CPU
	EndGlobalSection
	GlobalSection(SolutionProperties) = preSolution
		HideSolutionNode = FALSE
	EndGlobalSection
	GlobalSection(ExtensibilityGlobals) = postSolution
		SolutionGuid = {5E3872C8-4938-453F-8393-8C2448E917B2}
	EndGlobalSection
EndGlobal
